// !$*UTF8*$!
{
	archiveVersion = 1;
	classes = {
	};
	objectVersion = 50;
	objects = {

/* Begin PBXBuildFile section */
		F44301682471B89900DC8195 /* SignInPresenter.swift in Sources */ = {isa = PBXBuildFile; fileRef = F44301622471B89900DC8195 /* SignInPresenter.swift */; };
		F44301692471B89900DC8195 /* SignInWorker.swift in Sources */ = {isa = PBXBuildFile; fileRef = F44301632471B89900DC8195 /* SignInWorker.swift */; };
		F443016A2471B89900DC8195 /* SignInRouter.swift in Sources */ = {isa = PBXBuildFile; fileRef = F44301642471B89900DC8195 /* SignInRouter.swift */; };
		F443016B2471B89900DC8195 /* SignInModels.swift in Sources */ = {isa = PBXBuildFile; fileRef = F44301652471B89900DC8195 /* SignInModels.swift */; };
		F443016C2471B89900DC8195 /* SignInViewController.swift in Sources */ = {isa = PBXBuildFile; fileRef = F44301662471B89900DC8195 /* SignInViewController.swift */; };
		F443016D2471B89900DC8195 /* SignInInteractor.swift in Sources */ = {isa = PBXBuildFile; fileRef = F44301672471B89900DC8195 /* SignInInteractor.swift */; };
		F44301712471BEAB00DC8195 /* SignInView.swift in Sources */ = {isa = PBXBuildFile; fileRef = F44301702471BEAB00DC8195 /* SignInView.swift */; };
		F4482FF9247C134100B7A7B4 /* HomeView.swift in Sources */ = {isa = PBXBuildFile; fileRef = F4482FF8247C134100B7A7B4 /* HomeView.swift */; };
		F4482FFB247C5AB900B7A7B4 /* HomeViewUserWelcome.swift in Sources */ = {isa = PBXBuildFile; fileRef = F4482FFA247C5AB900B7A7B4 /* HomeViewUserWelcome.swift */; };
		F4482FFD247C690A00B7A7B4 /* Localizable.strings in Resources */ = {isa = PBXBuildFile; fileRef = F4482FFC247C690A00B7A7B4 /* Localizable.strings */; };
		F4483004247D0C9800B7A7B4 /* HomePresenter.swift in Sources */ = {isa = PBXBuildFile; fileRef = F4482FFE247D0C9800B7A7B4 /* HomePresenter.swift */; };
		F4483005247D0C9800B7A7B4 /* HomeWorker.swift in Sources */ = {isa = PBXBuildFile; fileRef = F4482FFF247D0C9800B7A7B4 /* HomeWorker.swift */; };
		F4483006247D0C9800B7A7B4 /* HomeRouter.swift in Sources */ = {isa = PBXBuildFile; fileRef = F4483000247D0C9800B7A7B4 /* HomeRouter.swift */; };
		F4483007247D0C9800B7A7B4 /* HomeModels.swift in Sources */ = {isa = PBXBuildFile; fileRef = F4483001247D0C9800B7A7B4 /* HomeModels.swift */; };
		F4483008247D0C9800B7A7B4 /* HomeViewController.swift in Sources */ = {isa = PBXBuildFile; fileRef = F4483002247D0C9800B7A7B4 /* HomeViewController.swift */; };
		F4483009247D0C9800B7A7B4 /* HomeInteractor.swift in Sources */ = {isa = PBXBuildFile; fileRef = F4483003247D0C9800B7A7B4 /* HomeInteractor.swift */; };
		F448300B247D12B900B7A7B4 /* HomeViewCell.swift in Sources */ = {isa = PBXBuildFile; fileRef = F448300A247D12B900B7A7B4 /* HomeViewCell.swift */; };
		F448300D247D152300B7A7B4 /* HomeViewContainerCell.swift in Sources */ = {isa = PBXBuildFile; fileRef = F448300C247D152300B7A7B4 /* HomeViewContainerCell.swift */; };
		F4D6E0B224671C5B003B7F16 /* AppDelegate.swift in Sources */ = {isa = PBXBuildFile; fileRef = F4D6E0B124671C5B003B7F16 /* AppDelegate.swift */; };
		F4D6E0B424671C5B003B7F16 /* SceneDelegate.swift in Sources */ = {isa = PBXBuildFile; fileRef = F4D6E0B324671C5B003B7F16 /* SceneDelegate.swift */; };
		F4D6E0BB24671C5B003B7F16 /* Assets.xcassets in Resources */ = {isa = PBXBuildFile; fileRef = F4D6E0BA24671C5B003B7F16 /* Assets.xcassets */; };
		F4D6E0BE24671C5B003B7F16 /* LaunchScreen.storyboard in Resources */ = {isa = PBXBuildFile; fileRef = F4D6E0BC24671C5B003B7F16 /* LaunchScreen.storyboard */; };
		F4D6E0C924671C5B003B7F16 /* MinhaCarteiraTests.swift in Sources */ = {isa = PBXBuildFile; fileRef = F4D6E0C824671C5B003B7F16 /* MinhaCarteiraTests.swift */; };
		F4D6E0D424671C5B003B7F16 /* MinhaCarteiraUITests.swift in Sources */ = {isa = PBXBuildFile; fileRef = F4D6E0D324671C5B003B7F16 /* MinhaCarteiraUITests.swift */; };
/* End PBXBuildFile section */

/* Begin PBXContainerItemProxy section */
		F4D6E0C524671C5B003B7F16 /* PBXContainerItemProxy */ = {
			isa = PBXContainerItemProxy;
			containerPortal = F4D6E0A624671C5B003B7F16 /* Project object */;
			proxyType = 1;
			remoteGlobalIDString = F4D6E0AD24671C5B003B7F16;
			remoteInfo = MinhaCarteira;
		};
		F4D6E0D024671C5B003B7F16 /* PBXContainerItemProxy */ = {
			isa = PBXContainerItemProxy;
			containerPortal = F4D6E0A624671C5B003B7F16 /* Project object */;
			proxyType = 1;
			remoteGlobalIDString = F4D6E0AD24671C5B003B7F16;
			remoteInfo = MinhaCarteira;
		};
/* End PBXContainerItemProxy section */

/* Begin PBXFileReference section */
		F44301622471B89900DC8195 /* SignInPresenter.swift */ = {isa = PBXFileReference; lastKnownFileType = sourcecode.swift; path = SignInPresenter.swift; sourceTree = "<group>"; };
		F44301632471B89900DC8195 /* SignInWorker.swift */ = {isa = PBXFileReference; lastKnownFileType = sourcecode.swift; path = SignInWorker.swift; sourceTree = "<group>"; };
		F44301642471B89900DC8195 /* SignInRouter.swift */ = {isa = PBXFileReference; lastKnownFileType = sourcecode.swift; path = SignInRouter.swift; sourceTree = "<group>"; };
		F44301652471B89900DC8195 /* SignInModels.swift */ = {isa = PBXFileReference; lastKnownFileType = sourcecode.swift; path = SignInModels.swift; sourceTree = "<group>"; };
		F44301662471B89900DC8195 /* SignInViewController.swift */ = {isa = PBXFileReference; lastKnownFileType = sourcecode.swift; path = SignInViewController.swift; sourceTree = "<group>"; };
		F44301672471B89900DC8195 /* SignInInteractor.swift */ = {isa = PBXFileReference; lastKnownFileType = sourcecode.swift; path = SignInInteractor.swift; sourceTree = "<group>"; };
		F44301702471BEAB00DC8195 /* SignInView.swift */ = {isa = PBXFileReference; lastKnownFileType = sourcecode.swift; path = SignInView.swift; sourceTree = "<group>"; };
		F4482FF8247C134100B7A7B4 /* HomeView.swift */ = {isa = PBXFileReference; lastKnownFileType = sourcecode.swift; path = HomeView.swift; sourceTree = "<group>"; };
		F4482FFA247C5AB900B7A7B4 /* HomeViewUserWelcome.swift */ = {isa = PBXFileReference; lastKnownFileType = sourcecode.swift; path = HomeViewUserWelcome.swift; sourceTree = "<group>"; };
		F4482FFC247C690A00B7A7B4 /* Localizable.strings */ = {isa = PBXFileReference; lastKnownFileType = text.plist.strings; path = Localizable.strings; sourceTree = "<group>"; };
		F4482FFE247D0C9800B7A7B4 /* HomePresenter.swift */ = {isa = PBXFileReference; lastKnownFileType = sourcecode.swift; path = HomePresenter.swift; sourceTree = "<group>"; };
		F4482FFF247D0C9800B7A7B4 /* HomeWorker.swift */ = {isa = PBXFileReference; lastKnownFileType = sourcecode.swift; path = HomeWorker.swift; sourceTree = "<group>"; };
		F4483000247D0C9800B7A7B4 /* HomeRouter.swift */ = {isa = PBXFileReference; lastKnownFileType = sourcecode.swift; path = HomeRouter.swift; sourceTree = "<group>"; };
		F4483001247D0C9800B7A7B4 /* HomeModels.swift */ = {isa = PBXFileReference; lastKnownFileType = sourcecode.swift; path = HomeModels.swift; sourceTree = "<group>"; };
		F4483002247D0C9800B7A7B4 /* HomeViewController.swift */ = {isa = PBXFileReference; lastKnownFileType = sourcecode.swift; path = HomeViewController.swift; sourceTree = "<group>"; };
		F4483003247D0C9800B7A7B4 /* HomeInteractor.swift */ = {isa = PBXFileReference; lastKnownFileType = sourcecode.swift; path = HomeInteractor.swift; sourceTree = "<group>"; };
		F448300A247D12B900B7A7B4 /* HomeViewCell.swift */ = {isa = PBXFileReference; lastKnownFileType = sourcecode.swift; path = HomeViewCell.swift; sourceTree = "<group>"; };
		F448300C247D152300B7A7B4 /* HomeViewContainerCell.swift */ = {isa = PBXFileReference; lastKnownFileType = sourcecode.swift; path = HomeViewContainerCell.swift; sourceTree = "<group>"; };
		F4D6E0AE24671C5B003B7F16 /* MinhaCarteira.app */ = {isa = PBXFileReference; explicitFileType = wrapper.application; includeInIndex = 0; path = MinhaCarteira.app; sourceTree = BUILT_PRODUCTS_DIR; };
		F4D6E0B124671C5B003B7F16 /* AppDelegate.swift */ = {isa = PBXFileReference; lastKnownFileType = sourcecode.swift; path = AppDelegate.swift; sourceTree = "<group>"; };
		F4D6E0B324671C5B003B7F16 /* SceneDelegate.swift */ = {isa = PBXFileReference; lastKnownFileType = sourcecode.swift; path = SceneDelegate.swift; sourceTree = "<group>"; };
		F4D6E0BA24671C5B003B7F16 /* Assets.xcassets */ = {isa = PBXFileReference; lastKnownFileType = folder.assetcatalog; path = Assets.xcassets; sourceTree = "<group>"; };
		F4D6E0BD24671C5B003B7F16 /* Base */ = {isa = PBXFileReference; lastKnownFileType = file.storyboard; name = Base; path = Base.lproj/LaunchScreen.storyboard; sourceTree = "<group>"; };
		F4D6E0BF24671C5B003B7F16 /* Info.plist */ = {isa = PBXFileReference; lastKnownFileType = text.plist.xml; path = Info.plist; sourceTree = "<group>"; };
		F4D6E0C424671C5B003B7F16 /* MinhaCarteiraTests.xctest */ = {isa = PBXFileReference; explicitFileType = wrapper.cfbundle; includeInIndex = 0; path = MinhaCarteiraTests.xctest; sourceTree = BUILT_PRODUCTS_DIR; };
		F4D6E0C824671C5B003B7F16 /* MinhaCarteiraTests.swift */ = {isa = PBXFileReference; lastKnownFileType = sourcecode.swift; path = MinhaCarteiraTests.swift; sourceTree = "<group>"; };
		F4D6E0CA24671C5B003B7F16 /* Info.plist */ = {isa = PBXFileReference; lastKnownFileType = text.plist.xml; path = Info.plist; sourceTree = "<group>"; };
		F4D6E0CF24671C5B003B7F16 /* MinhaCarteiraUITests.xctest */ = {isa = PBXFileReference; explicitFileType = wrapper.cfbundle; includeInIndex = 0; path = MinhaCarteiraUITests.xctest; sourceTree = BUILT_PRODUCTS_DIR; };
		F4D6E0D324671C5B003B7F16 /* MinhaCarteiraUITests.swift */ = {isa = PBXFileReference; lastKnownFileType = sourcecode.swift; path = MinhaCarteiraUITests.swift; sourceTree = "<group>"; };
		F4D6E0D524671C5B003B7F16 /* Info.plist */ = {isa = PBXFileReference; lastKnownFileType = text.plist.xml; path = Info.plist; sourceTree = "<group>"; };
/* End PBXFileReference section */

/* Begin PBXFrameworksBuildPhase section */
		F4D6E0AB24671C5B003B7F16 /* Frameworks */ = {
			isa = PBXFrameworksBuildPhase;
			buildActionMask = 2147483647;
			files = (
			);
			runOnlyForDeploymentPostprocessing = 0;
		};
		F4D6E0C124671C5B003B7F16 /* Frameworks */ = {
			isa = PBXFrameworksBuildPhase;
			buildActionMask = 2147483647;
			files = (
			);
			runOnlyForDeploymentPostprocessing = 0;
		};
		F4D6E0CC24671C5B003B7F16 /* Frameworks */ = {
			isa = PBXFrameworksBuildPhase;
			buildActionMask = 2147483647;
			files = (
			);
			runOnlyForDeploymentPostprocessing = 0;
		};
/* End PBXFrameworksBuildPhase section */

/* Begin PBXGroup section */
		F44301612471B81E00DC8195 /* SignInScene */ = {
			isa = PBXGroup;
			children = (
				F44301702471BEAB00DC8195 /* SignInView.swift */,
				F44301622471B89900DC8195 /* SignInPresenter.swift */,
				F44301632471B89900DC8195 /* SignInWorker.swift */,
				F44301642471B89900DC8195 /* SignInRouter.swift */,
				F44301652471B89900DC8195 /* SignInModels.swift */,
				F44301662471B89900DC8195 /* SignInViewController.swift */,
				F44301672471B89900DC8195 /* SignInInteractor.swift */,
			);
			path = SignInScene;
			sourceTree = "<group>";
		};
		F443016F2471BB3200DC8195 /* SupportFiles */ = {
			isa = PBXGroup;
			children = (
				F4D6E0B124671C5B003B7F16 /* AppDelegate.swift */,
				F4D6E0B324671C5B003B7F16 /* SceneDelegate.swift */,
				F4D6E0BA24671C5B003B7F16 /* Assets.xcassets */,
				F4D6E0BC24671C5B003B7F16 /* LaunchScreen.storyboard */,
				F4D6E0BF24671C5B003B7F16 /* Info.plist */,
				F4482FFC247C690A00B7A7B4 /* Localizable.strings */,
			);
			path = SupportFiles;
			sourceTree = "<group>";
		};
		F4482FF7247C132300B7A7B4 /* HomeScene */ = {
			isa = PBXGroup;
			children = (
				F4482FF8247C134100B7A7B4 /* HomeView.swift */,
				F4482FFA247C5AB900B7A7B4 /* HomeViewUserWelcome.swift */,
				F4482FFE247D0C9800B7A7B4 /* HomePresenter.swift */,
				F4482FFF247D0C9800B7A7B4 /* HomeWorker.swift */,
				F4483000247D0C9800B7A7B4 /* HomeRouter.swift */,
				F4483001247D0C9800B7A7B4 /* HomeModels.swift */,
				F4483002247D0C9800B7A7B4 /* HomeViewController.swift */,
				F4483003247D0C9800B7A7B4 /* HomeInteractor.swift */,
				F448300A247D12B900B7A7B4 /* HomeViewCell.swift */,
				F448300C247D152300B7A7B4 /* HomeViewContainerCell.swift */,
			);
			path = HomeScene;
			sourceTree = "<group>";
		};
		F4D6E0A524671C5B003B7F16 = {
			isa = PBXGroup;
			children = (
				F443016F2471BB3200DC8195 /* SupportFiles */,
				F4D6E0B024671C5B003B7F16 /* MinhaCarteira */,
				F4D6E0C724671C5B003B7F16 /* MinhaCarteiraTests */,
				F4D6E0D224671C5B003B7F16 /* MinhaCarteiraUITests */,
				F4D6E0AF24671C5B003B7F16 /* Products */,
			);
			sourceTree = "<group>";
		};
		F4D6E0AF24671C5B003B7F16 /* Products */ = {
			isa = PBXGroup;
			children = (
				F4D6E0AE24671C5B003B7F16 /* MinhaCarteira.app */,
				F4D6E0C424671C5B003B7F16 /* MinhaCarteiraTests.xctest */,
				F4D6E0CF24671C5B003B7F16 /* MinhaCarteiraUITests.xctest */,
			);
			name = Products;
			sourceTree = "<group>";
		};
		F4D6E0B024671C5B003B7F16 /* MinhaCarteira */ = {
			isa = PBXGroup;
			children = (
				F4482FF7247C132300B7A7B4 /* HomeScene */,
				F44301612471B81E00DC8195 /* SignInScene */,
			);
			path = MinhaCarteira;
			sourceTree = "<group>";
		};
		F4D6E0C724671C5B003B7F16 /* MinhaCarteiraTests */ = {
			isa = PBXGroup;
			children = (
				F4D6E0C824671C5B003B7F16 /* MinhaCarteiraTests.swift */,
				F4D6E0CA24671C5B003B7F16 /* Info.plist */,
			);
			path = MinhaCarteiraTests;
			sourceTree = "<group>";
		};
		F4D6E0D224671C5B003B7F16 /* MinhaCarteiraUITests */ = {
			isa = PBXGroup;
			children = (
				F4D6E0D324671C5B003B7F16 /* MinhaCarteiraUITests.swift */,
				F4D6E0D524671C5B003B7F16 /* Info.plist */,
			);
			path = MinhaCarteiraUITests;
			sourceTree = "<group>";
		};
/* End PBXGroup section */

/* Begin PBXNativeTarget section */
		F4D6E0AD24671C5B003B7F16 /* MinhaCarteira */ = {
			isa = PBXNativeTarget;
			buildConfigurationList = F4D6E0D824671C5B003B7F16 /* Build configuration list for PBXNativeTarget "MinhaCarteira" */;
			buildPhases = (
				F4D6E0AA24671C5B003B7F16 /* Sources */,
				F4D6E0AB24671C5B003B7F16 /* Frameworks */,
				F4D6E0AC24671C5B003B7F16 /* Resources */,
				F46AAD502482CD2A0006450F /* ShellScript */,
			);
			buildRules = (
			);
			dependencies = (
			);
			name = MinhaCarteira;
			productName = MinhaCarteira;
			productReference = F4D6E0AE24671C5B003B7F16 /* MinhaCarteira.app */;
			productType = "com.apple.product-type.application";
		};
		F4D6E0C324671C5B003B7F16 /* MinhaCarteiraTests */ = {
			isa = PBXNativeTarget;
			buildConfigurationList = F4D6E0DB24671C5B003B7F16 /* Build configuration list for PBXNativeTarget "MinhaCarteiraTests" */;
			buildPhases = (
				F4D6E0C024671C5B003B7F16 /* Sources */,
				F4D6E0C124671C5B003B7F16 /* Frameworks */,
				F4D6E0C224671C5B003B7F16 /* Resources */,
			);
			buildRules = (
			);
			dependencies = (
				F4D6E0C624671C5B003B7F16 /* PBXTargetDependency */,
			);
			name = MinhaCarteiraTests;
			productName = MinhaCarteiraTests;
			productReference = F4D6E0C424671C5B003B7F16 /* MinhaCarteiraTests.xctest */;
			productType = "com.apple.product-type.bundle.unit-test";
		};
		F4D6E0CE24671C5B003B7F16 /* MinhaCarteiraUITests */ = {
			isa = PBXNativeTarget;
			buildConfigurationList = F4D6E0DE24671C5B003B7F16 /* Build configuration list for PBXNativeTarget "MinhaCarteiraUITests" */;
			buildPhases = (
				F4D6E0CB24671C5B003B7F16 /* Sources */,
				F4D6E0CC24671C5B003B7F16 /* Frameworks */,
				F4D6E0CD24671C5B003B7F16 /* Resources */,
			);
			buildRules = (
			);
			dependencies = (
				F4D6E0D124671C5B003B7F16 /* PBXTargetDependency */,
			);
			name = MinhaCarteiraUITests;
			productName = MinhaCarteiraUITests;
			productReference = F4D6E0CF24671C5B003B7F16 /* MinhaCarteiraUITests.xctest */;
			productType = "com.apple.product-type.bundle.ui-testing";
		};
/* End PBXNativeTarget section */

/* Begin PBXProject section */
		F4D6E0A624671C5B003B7F16 /* Project object */ = {
			isa = PBXProject;
			attributes = {
				LastSwiftUpdateCheck = 1140;
				LastUpgradeCheck = 1140;
				ORGANIZATIONNAME = "Ygor Nascimento";
				TargetAttributes = {
					F4D6E0AD24671C5B003B7F16 = {
						CreatedOnToolsVersion = 11.4.1;
					};
					F4D6E0C324671C5B003B7F16 = {
						CreatedOnToolsVersion = 11.4.1;
						TestTargetID = F4D6E0AD24671C5B003B7F16;
					};
					F4D6E0CE24671C5B003B7F16 = {
						CreatedOnToolsVersion = 11.4.1;
						TestTargetID = F4D6E0AD24671C5B003B7F16;
					};
				};
			};
			buildConfigurationList = F4D6E0A924671C5B003B7F16 /* Build configuration list for PBXProject "MinhaCarteira" */;
			compatibilityVersion = "Xcode 9.3";
			developmentRegion = en;
			hasScannedForEncodings = 0;
			knownRegions = (
				en,
				Base,
			);
			mainGroup = F4D6E0A524671C5B003B7F16;
			productRefGroup = F4D6E0AF24671C5B003B7F16 /* Products */;
			projectDirPath = "";
			projectRoot = "";
			targets = (
				F4D6E0AD24671C5B003B7F16 /* MinhaCarteira */,
				F4D6E0C324671C5B003B7F16 /* MinhaCarteiraTests */,
				F4D6E0CE24671C5B003B7F16 /* MinhaCarteiraUITests */,
			);
		};
/* End PBXProject section */

/* Begin PBXResourcesBuildPhase section */
		F4D6E0AC24671C5B003B7F16 /* Resources */ = {
			isa = PBXResourcesBuildPhase;
			buildActionMask = 2147483647;
			files = (
				F4D6E0BE24671C5B003B7F16 /* LaunchScreen.storyboard in Resources */,
				F4482FFD247C690A00B7A7B4 /* Localizable.strings in Resources */,
				F4D6E0BB24671C5B003B7F16 /* Assets.xcassets in Resources */,
			);
			runOnlyForDeploymentPostprocessing = 0;
		};
		F4D6E0C224671C5B003B7F16 /* Resources */ = {
			isa = PBXResourcesBuildPhase;
			buildActionMask = 2147483647;
			files = (
			);
			runOnlyForDeploymentPostprocessing = 0;
		};
		F4D6E0CD24671C5B003B7F16 /* Resources */ = {
			isa = PBXResourcesBuildPhase;
			buildActionMask = 2147483647;
			files = (
			);
			runOnlyForDeploymentPostprocessing = 0;
		};
/* End PBXResourcesBuildPhase section */

/* Begin PBXShellScriptBuildPhase section */
		F46AAD502482CD2A0006450F /* ShellScript */ = {
			isa = PBXShellScriptBuildPhase;
			buildActionMask = 2147483647;
			files = (
			);
			inputFileListPaths = (
			);
			inputPaths = (
			);
			outputFileListPaths = (
			);
			outputPaths = (
			);
			runOnlyForDeploymentPostprocessing = 0;
			shellPath = /bin/sh;
			shellScript = "# Type a script or drag a script file from your workspace to insert its path.\nif which swiftlint >/dev/null; then\n  swiftlint\nelse\n  echo \"warning: SwiftLint not installed, download from https://github.com/realm/SwiftLint\"\nfi\n";
		};
/* End PBXShellScriptBuildPhase section */

/* Begin PBXSourcesBuildPhase section */
		F4D6E0AA24671C5B003B7F16 /* Sources */ = {
			isa = PBXSourcesBuildPhase;
			buildActionMask = 2147483647;
			files = (
				F443016B2471B89900DC8195 /* SignInModels.swift in Sources */,
				F4483007247D0C9800B7A7B4 /* HomeModels.swift in Sources */,
				F443016A2471B89900DC8195 /* SignInRouter.swift in Sources */,
				F44301712471BEAB00DC8195 /* SignInView.swift in Sources */,
				F4483004247D0C9800B7A7B4 /* HomePresenter.swift in Sources */,
				F4482FF9247C134100B7A7B4 /* HomeView.swift in Sources */,
				F44301692471B89900DC8195 /* SignInWorker.swift in Sources */,
				F44301682471B89900DC8195 /* SignInPresenter.swift in Sources */,
				F443016C2471B89900DC8195 /* SignInViewController.swift in Sources */,
				F4482FFB247C5AB900B7A7B4 /* HomeViewUserWelcome.swift in Sources */,
				F4483006247D0C9800B7A7B4 /* HomeRouter.swift in Sources */,
				F448300D247D152300B7A7B4 /* HomeViewContainerCell.swift in Sources */,
				F4483008247D0C9800B7A7B4 /* HomeViewController.swift in Sources */,
				F4483005247D0C9800B7A7B4 /* HomeWorker.swift in Sources */,
				F4D6E0B224671C5B003B7F16 /* AppDelegate.swift in Sources */,
				F4D6E0B424671C5B003B7F16 /* SceneDelegate.swift in Sources */,
				F443016D2471B89900DC8195 /* SignInInteractor.swift in Sources */,
				F448300B247D12B900B7A7B4 /* HomeViewCell.swift in Sources */,
				F4483009247D0C9800B7A7B4 /* HomeInteractor.swift in Sources */,
			);
			runOnlyForDeploymentPostprocessing = 0;
		};
		F4D6E0C024671C5B003B7F16 /* Sources */ = {
			isa = PBXSourcesBuildPhase;
			buildActionMask = 2147483647;
			files = (
				F4D6E0C924671C5B003B7F16 /* MinhaCarteiraTests.swift in Sources */,
			);
			runOnlyForDeploymentPostprocessing = 0;
		};
		F4D6E0CB24671C5B003B7F16 /* Sources */ = {
			isa = PBXSourcesBuildPhase;
			buildActionMask = 2147483647;
			files = (
				F4D6E0D424671C5B003B7F16 /* MinhaCarteiraUITests.swift in Sources */,
			);
			runOnlyForDeploymentPostprocessing = 0;
		};
/* End PBXSourcesBuildPhase section */

/* Begin PBXTargetDependency section */
		F4D6E0C624671C5B003B7F16 /* PBXTargetDependency */ = {
			isa = PBXTargetDependency;
			target = F4D6E0AD24671C5B003B7F16 /* MinhaCarteira */;
			targetProxy = F4D6E0C524671C5B003B7F16 /* PBXContainerItemProxy */;
		};
		F4D6E0D124671C5B003B7F16 /* PBXTargetDependency */ = {
			isa = PBXTargetDependency;
			target = F4D6E0AD24671C5B003B7F16 /* MinhaCarteira */;
			targetProxy = F4D6E0D024671C5B003B7F16 /* PBXContainerItemProxy */;
		};
/* End PBXTargetDependency section */

/* Begin PBXVariantGroup section */
		F4D6E0BC24671C5B003B7F16 /* LaunchScreen.storyboard */ = {
			isa = PBXVariantGroup;
			children = (
				F4D6E0BD24671C5B003B7F16 /* Base */,
			);
			name = LaunchScreen.storyboard;
			sourceTree = "<group>";
		};
/* End PBXVariantGroup section */

/* Begin XCBuildConfiguration section */
		F4D6E0D624671C5B003B7F16 /* Debug */ = {
			isa = XCBuildConfiguration;
			buildSettings = {
				ALWAYS_SEARCH_USER_PATHS = NO;
				CLANG_ANALYZER_NONNULL = YES;
				CLANG_ANALYZER_NUMBER_OBJECT_CONVERSION = YES_AGGRESSIVE;
				CLANG_CXX_LANGUAGE_STANDARD = "gnu++14";
				CLANG_CXX_LIBRARY = "libc++";
				CLANG_ENABLE_MODULES = YES;
				CLANG_ENABLE_OBJC_ARC = YES;
				CLANG_ENABLE_OBJC_WEAK = YES;
				CLANG_WARN_BLOCK_CAPTURE_AUTORELEASING = YES;
				CLANG_WARN_BOOL_CONVERSION = YES;
				CLANG_WARN_COMMA = YES;
				CLANG_WARN_CONSTANT_CONVERSION = YES;
				CLANG_WARN_DEPRECATED_OBJC_IMPLEMENTATIONS = YES;
				CLANG_WARN_DIRECT_OBJC_ISA_USAGE = YES_ERROR;
				CLANG_WARN_DOCUMENTATION_COMMENTS = YES;
				CLANG_WARN_EMPTY_BODY = YES;
				CLANG_WARN_ENUM_CONVERSION = YES;
				CLANG_WARN_INFINITE_RECURSION = YES;
				CLANG_WARN_INT_CONVERSION = YES;
				CLANG_WARN_NON_LITERAL_NULL_CONVERSION = YES;
				CLANG_WARN_OBJC_IMPLICIT_RETAIN_SELF = YES;
				CLANG_WARN_OBJC_LITERAL_CONVERSION = YES;
				CLANG_WARN_OBJC_ROOT_CLASS = YES_ERROR;
				CLANG_WARN_RANGE_LOOP_ANALYSIS = YES;
				CLANG_WARN_STRICT_PROTOTYPES = YES;
				CLANG_WARN_SUSPICIOUS_MOVE = YES;
				CLANG_WARN_UNGUARDED_AVAILABILITY = YES_AGGRESSIVE;
				CLANG_WARN_UNREACHABLE_CODE = YES;
				CLANG_WARN__DUPLICATE_METHOD_MATCH = YES;
				COPY_PHASE_STRIP = NO;
				DEBUG_INFORMATION_FORMAT = dwarf;
				ENABLE_STRICT_OBJC_MSGSEND = YES;
				ENABLE_TESTABILITY = YES;
				GCC_C_LANGUAGE_STANDARD = gnu11;
				GCC_DYNAMIC_NO_PIC = NO;
				GCC_NO_COMMON_BLOCKS = YES;
				GCC_OPTIMIZATION_LEVEL = 0;
				GCC_PREPROCESSOR_DEFINITIONS = (
					"DEBUG=1",
					"$(inherited)",
				);
				GCC_WARN_64_TO_32_BIT_CONVERSION = YES;
				GCC_WARN_ABOUT_RETURN_TYPE = YES_ERROR;
				GCC_WARN_UNDECLARED_SELECTOR = YES;
				GCC_WARN_UNINITIALIZED_AUTOS = YES_AGGRESSIVE;
				GCC_WARN_UNUSED_FUNCTION = YES;
				GCC_WARN_UNUSED_VARIABLE = YES;
				IPHONEOS_DEPLOYMENT_TARGET = 13.4;
				MTL_ENABLE_DEBUG_INFO = INCLUDE_SOURCE;
				MTL_FAST_MATH = YES;
				ONLY_ACTIVE_ARCH = YES;
				SDKROOT = iphoneos;
				SWIFT_ACTIVE_COMPILATION_CONDITIONS = DEBUG;
				SWIFT_OPTIMIZATION_LEVEL = "-Onone";
			};
			name = Debug;
		};
		F4D6E0D724671C5B003B7F16 /* Release */ = {
			isa = XCBuildConfiguration;
			buildSettings = {
				ALWAYS_SEARCH_USER_PATHS = NO;
				CLANG_ANALYZER_NONNULL = YES;
				CLANG_ANALYZER_NUMBER_OBJECT_CONVERSION = YES_AGGRESSIVE;
				CLANG_CXX_LANGUAGE_STANDARD = "gnu++14";
				CLANG_CXX_LIBRARY = "libc++";
				CLANG_ENABLE_MODULES = YES;
				CLANG_ENABLE_OBJC_ARC = YES;
				CLANG_ENABLE_OBJC_WEAK = YES;
				CLANG_WARN_BLOCK_CAPTURE_AUTORELEASING = YES;
				CLANG_WARN_BOOL_CONVERSION = YES;
				CLANG_WARN_COMMA = YES;
				CLANG_WARN_CONSTANT_CONVERSION = YES;
				CLANG_WARN_DEPRECATED_OBJC_IMPLEMENTATIONS = YES;
				CLANG_WARN_DIRECT_OBJC_ISA_USAGE = YES_ERROR;
				CLANG_WARN_DOCUMENTATION_COMMENTS = YES;
				CLANG_WARN_EMPTY_BODY = YES;
				CLANG_WARN_ENUM_CONVERSION = YES;
				CLANG_WARN_INFINITE_RECURSION = YES;
				CLANG_WARN_INT_CONVERSION = YES;
				CLANG_WARN_NON_LITERAL_NULL_CONVERSION = YES;
				CLANG_WARN_OBJC_IMPLICIT_RETAIN_SELF = YES;
				CLANG_WARN_OBJC_LITERAL_CONVERSION = YES;
				CLANG_WARN_OBJC_ROOT_CLASS = YES_ERROR;
				CLANG_WARN_RANGE_LOOP_ANALYSIS = YES;
				CLANG_WARN_STRICT_PROTOTYPES = YES;
				CLANG_WARN_SUSPICIOUS_MOVE = YES;
				CLANG_WARN_UNGUARDED_AVAILABILITY = YES_AGGRESSIVE;
				CLANG_WARN_UNREACHABLE_CODE = YES;
				CLANG_WARN__DUPLICATE_METHOD_MATCH = YES;
				COPY_PHASE_STRIP = NO;
				DEBUG_INFORMATION_FORMAT = "dwarf-with-dsym";
				ENABLE_NS_ASSERTIONS = NO;
				ENABLE_STRICT_OBJC_MSGSEND = YES;
				GCC_C_LANGUAGE_STANDARD = gnu11;
				GCC_NO_COMMON_BLOCKS = YES;
				GCC_WARN_64_TO_32_BIT_CONVERSION = YES;
				GCC_WARN_ABOUT_RETURN_TYPE = YES_ERROR;
				GCC_WARN_UNDECLARED_SELECTOR = YES;
				GCC_WARN_UNINITIALIZED_AUTOS = YES_AGGRESSIVE;
				GCC_WARN_UNUSED_FUNCTION = YES;
				GCC_WARN_UNUSED_VARIABLE = YES;
				IPHONEOS_DEPLOYMENT_TARGET = 13.4;
				MTL_ENABLE_DEBUG_INFO = NO;
				MTL_FAST_MATH = YES;
				SDKROOT = iphoneos;
				SWIFT_COMPILATION_MODE = wholemodule;
				SWIFT_OPTIMIZATION_LEVEL = "-O";
				VALIDATE_PRODUCT = YES;
			};
			name = Release;
		};
		F4D6E0D924671C5B003B7F16 /* Debug */ = {
			isa = XCBuildConfiguration;
			buildSettings = {
				ASSETCATALOG_COMPILER_APPICON_NAME = AppIcon;
				CODE_SIGN_STYLE = Automatic;
				DEVELOPMENT_TEAM = 44ST363BTK;
				INFOPLIST_FILE = SupportFiles/Info.plist;
				LD_RUNPATH_SEARCH_PATHS = (
					"$(inherited)",
					"@executable_path/Frameworks",
				);
				PRODUCT_BUNDLE_IDENTIFIER = br.com.ynascimento.MinhaCarteira;
				PRODUCT_NAME = "$(TARGET_NAME)";
				SWIFT_VERSION = 5.0;
				TARGETED_DEVICE_FAMILY = "1,2";
			};
			name = Debug;
		};
		F4D6E0DA24671C5B003B7F16 /* Release */ = {
			isa = XCBuildConfiguration;
			buildSettings = {
				ASSETCATALOG_COMPILER_APPICON_NAME = AppIcon;
				CODE_SIGN_STYLE = Automatic;
				DEVELOPMENT_TEAM = 44ST363BTK;
				INFOPLIST_FILE = SupportFiles/Info.plist;
				LD_RUNPATH_SEARCH_PATHS = (
					"$(inherited)",
					"@executable_path/Frameworks",
				);
				PRODUCT_BUNDLE_IDENTIFIER = br.com.ynascimento.MinhaCarteira;
				PRODUCT_NAME = "$(TARGET_NAME)";
				SWIFT_VERSION = 5.0;
				TARGETED_DEVICE_FAMILY = "1,2";
			};
			name = Release;
		};
		F4D6E0DC24671C5B003B7F16 /* Debug */ = {
			isa = XCBuildConfiguration;
			buildSettings = {
				ALWAYS_EMBED_SWIFT_STANDARD_LIBRARIES = YES;
				BUNDLE_LOADER = "$(TEST_HOST)";
				CODE_SIGN_STYLE = Automatic;
				DEVELOPMENT_TEAM = 44ST363BTK;
				INFOPLIST_FILE = MinhaCarteiraTests/Info.plist;
				IPHONEOS_DEPLOYMENT_TARGET = 13.4;
				LD_RUNPATH_SEARCH_PATHS = (
					"$(inherited)",
					"@executable_path/Frameworks",
					"@loader_path/Frameworks",
				);
				PRODUCT_BUNDLE_IDENTIFIER = br.com.ynascimento.MinhaCarteiraTests;
				PRODUCT_NAME = "$(TARGET_NAME)";
				SWIFT_VERSION = 5.0;
				TARGETED_DEVICE_FAMILY = "1,2";
				TEST_HOST = "$(BUILT_PRODUCTS_DIR)/MinhaCarteira.app/MinhaCarteira";
			};
			name = Debug;
		};
		F4D6E0DD24671C5B003B7F16 /* Release */ = {
			isa = XCBuildConfiguration;
			buildSettings = {
				ALWAYS_EMBED_SWIFT_STANDARD_LIBRARIES = YES;
				BUNDLE_LOADER = "$(TEST_HOST)";
				CODE_SIGN_STYLE = Automatic;
				DEVELOPMENT_TEAM = 44ST363BTK;
				INFOPLIST_FILE = MinhaCarteiraTests/Info.plist;
				IPHONEOS_DEPLOYMENT_TARGET = 13.4;
				LD_RUNPATH_SEARCH_PATHS = (
					"$(inherited)",
					"@executable_path/Frameworks",
					"@loader_path/Frameworks",
				);
				PRODUCT_BUNDLE_IDENTIFIER = br.com.ynascimento.MinhaCarteiraTests;
				PRODUCT_NAME = "$(TARGET_NAME)";
				SWIFT_VERSION = 5.0;
				TARGETED_DEVICE_FAMILY = "1,2";
				TEST_HOST = "$(BUILT_PRODUCTS_DIR)/MinhaCarteira.app/MinhaCarteira";
			};
			name = Release;
		};
		F4D6E0DF24671C5B003B7F16 /* Debug */ = {
			isa = XCBuildConfiguration;
			buildSettings = {
				ALWAYS_EMBED_SWIFT_STANDARD_LIBRARIES = YES;
				CODE_SIGN_STYLE = Automatic;
				DEVELOPMENT_TEAM = 44ST363BTK;
				INFOPLIST_FILE = MinhaCarteiraUITests/Info.plist;
				LD_RUNPATH_SEARCH_PATHS = (
					"$(inherited)",
					"@executable_path/Frameworks",
					"@loader_path/Frameworks",
				);
				PRODUCT_BUNDLE_IDENTIFIER = br.com.ynascimento.MinhaCarteiraUITests;
				PRODUCT_NAME = "$(TARGET_NAME)";
				SWIFT_VERSION = 5.0;
				TARGETED_DEVICE_FAMILY = "1,2";
				TEST_TARGET_NAME = MinhaCarteira;
			};
			name = Debug;
		};
		F4D6E0E024671C5B003B7F16 /* Release */ = {
			isa = XCBuildConfiguration;
			buildSettings = {
				ALWAYS_EMBED_SWIFT_STANDARD_LIBRARIES = YES;
				CODE_SIGN_STYLE = Automatic;
				DEVELOPMENT_TEAM = 44ST363BTK;
				INFOPLIST_FILE = MinhaCarteiraUITests/Info.plist;
				LD_RUNPATH_SEARCH_PATHS = (
					"$(inherited)",
					"@executable_path/Frameworks",
					"@loader_path/Frameworks",
				);
				PRODUCT_BUNDLE_IDENTIFIER = br.com.ynascimento.MinhaCarteiraUITests;
				PRODUCT_NAME = "$(TARGET_NAME)";
				SWIFT_VERSION = 5.0;
				TARGETED_DEVICE_FAMILY = "1,2";
				TEST_TARGET_NAME = MinhaCarteira;
			};
			name = Release;
		};
/* End XCBuildConfiguration section */

/* Begin XCConfigurationList section */
		F4D6E0A924671C5B003B7F16 /* Build configuration list for PBXProject "MinhaCarteira" */ = {
			isa = XCConfigurationList;
			buildConfigurations = (
				F4D6E0D624671C5B003B7F16 /* Debug */,
				F4D6E0D724671C5B003B7F16 /* Release */,
			);
			defaultConfigurationIsVisible = 0;
			defaultConfigurationName = Release;
		};
		F4D6E0D824671C5B003B7F16 /* Build configuration list for PBXNativeTarget "MinhaCarteira" */ = {
			isa = XCConfigurationList;
			buildConfigurations = (
				F4D6E0D924671C5B003B7F16 /* Debug */,
				F4D6E0DA24671C5B003B7F16 /* Release */,
			);
			defaultConfigurationIsVisible = 0;
			defaultConfigurationName = Release;
		};
		F4D6E0DB24671C5B003B7F16 /* Build configuration list for PBXNativeTarget "MinhaCarteiraTests" */ = {
			isa = XCConfigurationList;
			buildConfigurations = (
				F4D6E0DC24671C5B003B7F16 /* Debug */,
				F4D6E0DD24671C5B003B7F16 /* Release */,
			);
			defaultConfigurationIsVisible = 0;
			defaultConfigurationName = Release;
		};
		F4D6E0DE24671C5B003B7F16 /* Build configuration list for PBXNativeTarget "MinhaCarteiraUITests" */ = {
			isa = XCConfigurationList;
			buildConfigurations = (
				F4D6E0DF24671C5B003B7F16 /* Debug */,
				F4D6E0E024671C5B003B7F16 /* Release */,
			);
			defaultConfigurationIsVisible = 0;
			defaultConfigurationName = Release;
		};
/* End XCConfigurationList section */
	};
	rootObject = F4D6E0A624671C5B003B7F16 /* Project object */;
}
